// !$*UTF8*$!
{
	archiveVersion = 1;
	classes = {
	};
	objectVersion = 50;
	objects = {

/* Begin PBXBuildFile section */
		6E8C16822616450000690323 /* BillAmountTextField.swift in Sources */ = {isa = PBXBuildFile; fileRef = 6E8C16812616450000690323 /* BillAmountTextField.swift */; };
		6ED230962615263B005E65E9 /* AppDelegate.swift in Sources */ = {isa = PBXBuildFile; fileRef = 6ED230952615263B005E65E9 /* AppDelegate.swift */; };
		6ED230982615263B005E65E9 /* SceneDelegate.swift in Sources */ = {isa = PBXBuildFile; fileRef = 6ED230972615263B005E65E9 /* SceneDelegate.swift */; };
		6ED2309A2615263B005E65E9 /* ViewController.swift in Sources */ = {isa = PBXBuildFile; fileRef = 6ED230992615263B005E65E9 /* ViewController.swift */; };
		6ED2309D2615263B005E65E9 /* Main.storyboard in Resources */ = {isa = PBXBuildFile; fileRef = 6ED2309B2615263B005E65E9 /* Main.storyboard */; };
		6ED2309F26152642005E65E9 /* Assets.xcassets in Resources */ = {isa = PBXBuildFile; fileRef = 6ED2309E26152642005E65E9 /* Assets.xcassets */; };
		6ED230A226152642005E65E9 /* LaunchScreen.storyboard in Resources */ = {isa = PBXBuildFile; fileRef = 6ED230A026152642005E65E9 /* LaunchScreen.storyboard */; };
		6ED230AD26152642005E65E9 /* Pre_work1Tests.swift in Sources */ = {isa = PBXBuildFile; fileRef = 6ED230AC26152642005E65E9 /* Pre_work1Tests.swift */; };
		6ED230B826152642005E65E9 /* Pre_work1UITests.swift in Sources */ = {isa = PBXBuildFile; fileRef = 6ED230B726152642005E65E9 /* Pre_work1UITests.swift */; };
/* End PBXBuildFile section */

/* Begin PBXContainerItemProxy section */
		6ED230A926152642005E65E9 /* PBXContainerItemProxy */ = {
			isa = PBXContainerItemProxy;
			containerPortal = 6ED2308A2615263B005E65E9 /* Project object */;
			proxyType = 1;
			remoteGlobalIDString = 6ED230912615263B005E65E9;
			remoteInfo = "Pre-work1";
		};
		6ED230B426152642005E65E9 /* PBXContainerItemProxy */ = {
			isa = PBXContainerItemProxy;
			containerPortal = 6ED2308A2615263B005E65E9 /* Project object */;
			proxyType = 1;
			remoteGlobalIDString = 6ED230912615263B005E65E9;
			remoteInfo = "Pre-work1";
		};
/* End PBXContainerItemProxy section */

/* Begin PBXFileReference section */
		6E8C16812616450000690323 /* BillAmountTextField.swift */ = {isa = PBXFileReference; lastKnownFileType = sourcecode.swift; path = BillAmountTextField.swift; sourceTree = "<group>"; };
		6ED230922615263B005E65E9 /* Pre-work1.app */ = {isa = PBXFileReference; explicitFileType = wrapper.application; includeInIndex = 0; path = "Pre-work1.app"; sourceTree = BUILT_PRODUCTS_DIR; };
		6ED230952615263B005E65E9 /* AppDelegate.swift */ = {isa = PBXFileReference; lastKnownFileType = sourcecode.swift; path = AppDelegate.swift; sourceTree = "<group>"; };
		6ED230972615263B005E65E9 /* SceneDelegate.swift */ = {isa = PBXFileReference; lastKnownFileType = sourcecode.swift; path = SceneDelegate.swift; sourceTree = "<group>"; };
		6ED230992615263B005E65E9 /* ViewController.swift */ = {isa = PBXFileReference; lastKnownFileType = sourcecode.swift; path = ViewController.swift; sourceTree = "<group>"; };
		6ED2309C2615263B005E65E9 /* Base */ = {isa = PBXFileReference; lastKnownFileType = file.storyboard; name = Base; path = Base.lproj/Main.storyboard; sourceTree = "<group>"; };
		6ED2309E26152642005E65E9 /* Assets.xcassets */ = {isa = PBXFileReference; lastKnownFileType = folder.assetcatalog; path = Assets.xcassets; sourceTree = "<group>"; };
		6ED230A126152642005E65E9 /* Base */ = {isa = PBXFileReference; lastKnownFileType = file.storyboard; name = Base; path = Base.lproj/LaunchScreen.storyboard; sourceTree = "<group>"; };
		6ED230A326152642005E65E9 /* Info.plist */ = {isa = PBXFileReference; lastKnownFileType = text.plist.xml; path = Info.plist; sourceTree = "<group>"; };
		6ED230A826152642005E65E9 /* Pre-work1Tests.xctest */ = {isa = PBXFileReference; explicitFileType = wrapper.cfbundle; includeInIndex = 0; path = "Pre-work1Tests.xctest"; sourceTree = BUILT_PRODUCTS_DIR; };
		6ED230AC26152642005E65E9 /* Pre_work1Tests.swift */ = {isa = PBXFileReference; lastKnownFileType = sourcecode.swift; path = Pre_work1Tests.swift; sourceTree = "<group>"; };
		6ED230AE26152642005E65E9 /* Info.plist */ = {isa = PBXFileReference; lastKnownFileType = text.plist.xml; path = Info.plist; sourceTree = "<group>"; };
		6ED230B326152642005E65E9 /* Pre-work1UITests.xctest */ = {isa = PBXFileReference; explicitFileType = wrapper.cfbundle; includeInIndex = 0; path = "Pre-work1UITests.xctest"; sourceTree = BUILT_PRODUCTS_DIR; };
		6ED230B726152642005E65E9 /* Pre_work1UITests.swift */ = {isa = PBXFileReference; lastKnownFileType = sourcecode.swift; path = Pre_work1UITests.swift; sourceTree = "<group>"; };
		6ED230B926152642005E65E9 /* Info.plist */ = {isa = PBXFileReference; lastKnownFileType = text.plist.xml; path = Info.plist; sourceTree = "<group>"; };
/* End PBXFileReference section */

/* Begin PBXFrameworksBuildPhase section */
		6ED2308F2615263B005E65E9 /* Frameworks */ = {
			isa = PBXFrameworksBuildPhase;
			buildActionMask = 2147483647;
			files = (
			);
			runOnlyForDeploymentPostprocessing = 0;
		};
		6ED230A526152642005E65E9 /* Frameworks */ = {
			isa = PBXFrameworksBuildPhase;
			buildActionMask = 2147483647;
			files = (
			);
			runOnlyForDeploymentPostprocessing = 0;
		};
		6ED230B026152642005E65E9 /* Frameworks */ = {
			isa = PBXFrameworksBuildPhase;
			buildActionMask = 2147483647;
			files = (
			);
			runOnlyForDeploymentPostprocessing = 0;
		};
/* End PBXFrameworksBuildPhase section */

/* Begin PBXGroup section */
		6E8C1680261644D600690323 /* Supporting Files */ = {
			isa = PBXGroup;
			children = (
				6E8C16812616450000690323 /* BillAmountTextField.swift */,
			);
			path = "Supporting Files";
			sourceTree = "<group>";
		};
		6ED230892615263B005E65E9 = {
			isa = PBXGroup;
			children = (
				6E8C1680261644D600690323 /* Supporting Files */,
				6ED230942615263B005E65E9 /* Pre-work1 */,
				6ED230AB26152642005E65E9 /* Pre-work1Tests */,
				6ED230B626152642005E65E9 /* Pre-work1UITests */,
				6ED230932615263B005E65E9 /* Products */,
			);
			sourceTree = "<group>";
		};
		6ED230932615263B005E65E9 /* Products */ = {
			isa = PBXGroup;
			children = (
				6ED230922615263B005E65E9 /* Pre-work1.app */,
				6ED230A826152642005E65E9 /* Pre-work1Tests.xctest */,
				6ED230B326152642005E65E9 /* Pre-work1UITests.xctest */,
			);
			name = Products;
			sourceTree = "<group>";
		};
		6ED230942615263B005E65E9 /* Pre-work1 */ = {
			isa = PBXGroup;
			children = (
				6ED230952615263B005E65E9 /* AppDelegate.swift */,
				6ED230972615263B005E65E9 /* SceneDelegate.swift */,
				6ED230992615263B005E65E9 /* ViewController.swift */,
				6ED2309B2615263B005E65E9 /* Main.storyboard */,
				6ED2309E26152642005E65E9 /* Assets.xcassets */,
				6ED230A026152642005E65E9 /* LaunchScreen.storyboard */,
				6ED230A326152642005E65E9 /* Info.plist */,
			);
			path = "Pre-work1";
			sourceTree = "<group>";
		};
		6ED230AB26152642005E65E9 /* Pre-work1Tests */ = {
			isa = PBXGroup;
			children = (
				6ED230AC26152642005E65E9 /* Pre_work1Tests.swift */,
				6ED230AE26152642005E65E9 /* Info.plist */,
			);
			path = "Pre-work1Tests";
			sourceTree = "<group>";
		};
		6ED230B626152642005E65E9 /* Pre-work1UITests */ = {
			isa = PBXGroup;
			children = (
				6ED230B726152642005E65E9 /* Pre_work1UITests.swift */,
				6ED230B926152642005E65E9 /* Info.plist */,
			);
			path = "Pre-work1UITests";
			sourceTree = "<group>";
		};
/* End PBXGroup section */

/* Begin PBXNativeTarget section */
		6ED230912615263B005E65E9 /* Pre-work1 */ = {
			isa = PBXNativeTarget;
			buildConfigurationList = 6ED230BC26152642005E65E9 /* Build configuration list for PBXNativeTarget "Pre-work1" */;
			buildPhases = (
				6ED2308E2615263B005E65E9 /* Sources */,
				6ED2308F2615263B005E65E9 /* Frameworks */,
				6ED230902615263B005E65E9 /* Resources */,
			);
			buildRules = (
			);
			dependencies = (
			);
			name = "Pre-work1";
			productName = "Pre-work1";
			productReference = 6ED230922615263B005E65E9 /* Pre-work1.app */;
			productType = "com.apple.product-type.application";
		};
		6ED230A726152642005E65E9 /* Pre-work1Tests */ = {
			isa = PBXNativeTarget;
			buildConfigurationList = 6ED230BF26152642005E65E9 /* Build configuration list for PBXNativeTarget "Pre-work1Tests" */;
			buildPhases = (
				6ED230A426152642005E65E9 /* Sources */,
				6ED230A526152642005E65E9 /* Frameworks */,
				6ED230A626152642005E65E9 /* Resources */,
			);
			buildRules = (
			);
			dependencies = (
				6ED230AA26152642005E65E9 /* PBXTargetDependency */,
			);
			name = "Pre-work1Tests";
			productName = "Pre-work1Tests";
			productReference = 6ED230A826152642005E65E9 /* Pre-work1Tests.xctest */;
			productType = "com.apple.product-type.bundle.unit-test";
		};
		6ED230B226152642005E65E9 /* Pre-work1UITests */ = {
			isa = PBXNativeTarget;
			buildConfigurationList = 6ED230C226152642005E65E9 /* Build configuration list for PBXNativeTarget "Pre-work1UITests" */;
			buildPhases = (
				6ED230AF26152642005E65E9 /* Sources */,
				6ED230B026152642005E65E9 /* Frameworks */,
				6ED230B126152642005E65E9 /* Resources */,
			);
			buildRules = (
			);
			dependencies = (
				6ED230B526152642005E65E9 /* PBXTargetDependency */,
			);
			name = "Pre-work1UITests";
			productName = "Pre-work1UITests";
			productReference = 6ED230B326152642005E65E9 /* Pre-work1UITests.xctest */;
			productType = "com.apple.product-type.bundle.ui-testing";
		};
/* End PBXNativeTarget section */

/* Begin PBXProject section */
		6ED2308A2615263B005E65E9 /* Project object */ = {
			isa = PBXProject;
			attributes = {
				LastSwiftUpdateCheck = 1240;
				LastUpgradeCheck = 1240;
				TargetAttributes = {
					6ED230912615263B005E65E9 = {
						CreatedOnToolsVersion = 12.4;
					};
					6ED230A726152642005E65E9 = {
						CreatedOnToolsVersion = 12.4;
						TestTargetID = 6ED230912615263B005E65E9;
					};
					6ED230B226152642005E65E9 = {
						CreatedOnToolsVersion = 12.4;
						TestTargetID = 6ED230912615263B005E65E9;
					};
				};
			};
			buildConfigurationList = 6ED2308D2615263B005E65E9 /* Build configuration list for PBXProject "Pre-work1" */;
			compatibilityVersion = "Xcode 9.3";
			developmentRegion = en;
			hasScannedForEncodings = 0;
			knownRegions = (
				en,
				Base,
			);
			mainGroup = 6ED230892615263B005E65E9;
			productRefGroup = 6ED230932615263B005E65E9 /* Products */;
			projectDirPath = "";
			projectRoot = "";
			targets = (
				6ED230912615263B005E65E9 /* Pre-work1 */,
				6ED230A726152642005E65E9 /* Pre-work1Tests */,
				6ED230B226152642005E65E9 /* Pre-work1UITests */,
			);
		};
/* End PBXProject section */

/* Begin PBXResourcesBuildPhase section */
		6ED230902615263B005E65E9 /* Resources */ = {
			isa = PBXResourcesBuildPhase;
			buildActionMask = 2147483647;
			files = (
				6ED230A226152642005E65E9 /* LaunchScreen.storyboard in Resources */,
				6ED2309F26152642005E65E9 /* Assets.xcassets in Resources */,
				6ED2309D2615263B005E65E9 /* Main.storyboard in Resources */,
			);
			runOnlyForDeploymentPostprocessing = 0;
		};
		6ED230A626152642005E65E9 /* Resources */ = {
			isa = PBXResourcesBuildPhase;
			buildActionMask = 2147483647;
			files = (
			);
			runOnlyForDeploymentPostprocessing = 0;
		};
		6ED230B126152642005E65E9 /* Resources */ = {
			isa = PBXResourcesBuildPhase;
			buildActionMask = 2147483647;
			files = (
			);
			runOnlyForDeploymentPostprocessing = 0;
		};
/* End PBXResourcesBuildPhase section */

/* Begin PBXSourcesBuildPhase section */
		6ED2308E2615263B005E65E9 /* Sources */ = {
			isa = PBXSourcesBuildPhase;
			buildActionMask = 2147483647;
			files = (
				6E8C16822616450000690323 /* BillAmountTextField.swift in Sources */,
				6ED2309A2615263B005E65E9 /* ViewController.swift in Sources */,
				6ED230962615263B005E65E9 /* AppDelegate.swift in Sources */,
				6ED230982615263B005E65E9 /* SceneDelegate.swift in Sources */,
			);
			runOnlyForDeploymentPostprocessing = 0;
		};
		6ED230A426152642005E65E9 /* Sources */ = {
			isa = PBXSourcesBuildPhase;
			buildActionMask = 2147483647;
			files = (
				6ED230AD26152642005E65E9 /* Pre_work1Tests.swift in Sources */,
			);
			runOnlyForDeploymentPostprocessing = 0;
		};
		6ED230AF26152642005E65E9 /* Sources */ = {
			isa = PBXSourcesBuildPhase;
			buildActionMask = 2147483647;
			files = (
				6ED230B826152642005E65E9 /* Pre_work1UITests.swift in Sources */,
			);
			runOnlyForDeploymentPostprocessing = 0;
		};
/* End PBXSourcesBuildPhase section */

/* Begin PBXTargetDependency section */
		6ED230AA26152642005E65E9 /* PBXTargetDependency */ = {
			isa = PBXTargetDependency;
			target = 6ED230912615263B005E65E9 /* Pre-work1 */;
			targetProxy = 6ED230A926152642005E65E9 /* PBXContainerItemProxy */;
		};
		6ED230B526152642005E65E9 /* PBXTargetDependency */ = {
			isa = PBXTargetDependency;
			target = 6ED230912615263B005E65E9 /* Pre-work1 */;
			targetProxy = 6ED230B426152642005E65E9 /* PBXContainerItemProxy */;
		};
/* End PBXTargetDependency section */

/* Begin PBXVariantGroup section */
		6ED2309B2615263B005E65E9 /* Main.storyboard */ = {
			isa = PBXVariantGroup;
			children = (
				6ED2309C2615263B005E65E9 /* Base */,
			);
			name = Main.storyboard;
			sourceTree = "<group>";
		};
		6ED230A026152642005E65E9 /* LaunchScreen.storyboard */ = {
			isa = PBXVariantGroup;
			children = (
				6ED230A126152642005E65E9 /* Base */,
			);
			name = LaunchScreen.storyboard;
			sourceTree = "<group>";
		};
/* End PBXVariantGroup section */

/* Begin XCBuildConfiguration section */
		6ED230BA26152642005E65E9 /* Debug */ = {
			isa = XCBuildConfiguration;
			buildSettings = {
				ALWAYS_SEARCH_USER_PATHS = NO;
				CLANG_ANALYZER_NONNULL = YES;
				CLANG_ANALYZER_NUMBER_OBJECT_CONVERSION = YES_AGGRESSIVE;
				CLANG_CXX_LANGUAGE_STANDARD = "gnu++14";
				CLANG_CXX_LIBRARY = "libc++";
				CLANG_ENABLE_MODULES = YES;
				CLANG_ENABLE_OBJC_ARC = YES;
				CLANG_ENABLE_OBJC_WEAK = YES;
				CLANG_WARN_BLOCK_CAPTURE_AUTORELEASING = YES;
				CLANG_WARN_BOOL_CONVERSION = YES;
				CLANG_WARN_COMMA = YES;
				CLANG_WARN_CONSTANT_CONVERSION = YES;
				CLANG_WARN_DEPRECATED_OBJC_IMPLEMENTATIONS = YES;
				CLANG_WARN_DIRECT_OBJC_ISA_USAGE = YES_ERROR;
				CLANG_WARN_DOCUMENTATION_COMMENTS = YES;
				CLANG_WARN_EMPTY_BODY = YES;
				CLANG_WARN_ENUM_CONVERSION = YES;
				CLANG_WARN_INFINITE_RECURSION = YES;
				CLANG_WARN_INT_CONVERSION = YES;
				CLANG_WARN_NON_LITERAL_NULL_CONVERSION = YES;
				CLANG_WARN_OBJC_IMPLICIT_RETAIN_SELF = YES;
				CLANG_WARN_OBJC_LITERAL_CONVERSION = YES;
				CLANG_WARN_OBJC_ROOT_CLASS = YES_ERROR;
				CLANG_WARN_QUOTED_INCLUDE_IN_FRAMEWORK_HEADER = YES;
				CLANG_WARN_RANGE_LOOP_ANALYSIS = YES;
				CLANG_WARN_STRICT_PROTOTYPES = YES;
				CLANG_WARN_SUSPICIOUS_MOVE = YES;
				CLANG_WARN_UNGUARDED_AVAILABILITY = YES_AGGRESSIVE;
				CLANG_WARN_UNREACHABLE_CODE = YES;
				CLANG_WARN__DUPLICATE_METHOD_MATCH = YES;
				COPY_PHASE_STRIP = NO;
				DEBUG_INFORMATION_FORMAT = dwarf;
				ENABLE_STRICT_OBJC_MSGSEND = YES;
				ENABLE_TESTABILITY = YES;
				GCC_C_LANGUAGE_STANDARD = gnu11;
				GCC_DYNAMIC_NO_PIC = NO;
				GCC_NO_COMMON_BLOCKS = YES;
				GCC_OPTIMIZATION_LEVEL = 0;
				GCC_PREPROCESSOR_DEFINITIONS = (
					"DEBUG=1",
					"$(inherited)",
				);
				GCC_WARN_64_TO_32_BIT_CONVERSION = YES;
				GCC_WARN_ABOUT_RETURN_TYPE = YES_ERROR;
				GCC_WARN_UNDECLARED_SELECTOR = YES;
				GCC_WARN_UNINITIALIZED_AUTOS = YES_AGGRESSIVE;
				GCC_WARN_UNUSED_FUNCTION = YES;
				GCC_WARN_UNUSED_VARIABLE = YES;
				IPHONEOS_DEPLOYMENT_TARGET = 14.4;
				MTL_ENABLE_DEBUG_INFO = INCLUDE_SOURCE;
				MTL_FAST_MATH = YES;
				ONLY_ACTIVE_ARCH = YES;
				SDKROOT = iphoneos;
				SWIFT_ACTIVE_COMPILATION_CONDITIONS = DEBUG;
				SWIFT_OPTIMIZATION_LEVEL = "-Onone";
			};
			name = Debug;
		};
		6ED230BB26152642005E65E9 /* Release */ = {
			isa = XCBuildConfiguration;
			buildSettings = {
				ALWAYS_SEARCH_USER_PATHS = NO;
				CLANG_ANALYZER_NONNULL = YES;
				CLANG_ANALYZER_NUMBER_OBJECT_CONVERSION = YES_AGGRESSIVE;
				CLANG_CXX_LANGUAGE_STANDARD = "gnu++14";
				CLANG_CXX_LIBRARY = "libc++";
				CLANG_ENABLE_MODULES = YES;
				CLANG_ENABLE_OBJC_ARC = YES;
				CLANG_ENABLE_OBJC_WEAK = YES;
				CLANG_WARN_BLOCK_CAPTURE_AUTORELEASING = YES;
				CLANG_WARN_BOOL_CONVERSION = YES;
				CLANG_WARN_COMMA = YES;
				CLANG_WARN_CONSTANT_CONVERSION = YES;
				CLANG_WARN_DEPRECATED_OBJC_IMPLEMENTATIONS = YES;
				CLANG_WARN_DIRECT_OBJC_ISA_USAGE = YES_ERROR;
				CLANG_WARN_DOCUMENTATION_COMMENTS = YES;
				CLANG_WARN_EMPTY_BODY = YES;
				CLANG_WARN_ENUM_CONVERSION = YES;
				CLANG_WARN_INFINITE_RECURSION = YES;
				CLANG_WARN_INT_CONVERSION = YES;
				CLANG_WARN_NON_LITERAL_NULL_CONVERSION = YES;
				CLANG_WARN_OBJC_IMPLICIT_RETAIN_SELF = YES;
				CLANG_WARN_OBJC_LITERAL_CONVERSION = YES;
				CLANG_WARN_OBJC_ROOT_CLASS = YES_ERROR;
				CLANG_WARN_QUOTED_INCLUDE_IN_FRAMEWORK_HEADER = YES;
				CLANG_WARN_RANGE_LOOP_ANALYSIS = YES;
				CLANG_WARN_STRICT_PROTOTYPES = YES;
				CLANG_WARN_SUSPICIOUS_MOVE = YES;
				CLANG_WARN_UNGUARDED_AVAILABILITY = YES_AGGRESSIVE;
				CLANG_WARN_UNREACHABLE_CODE = YES;
				CLANG_WARN__DUPLICATE_METHOD_MATCH = YES;
				COPY_PHASE_STRIP = NO;
				DEBUG_INFORMATION_FORMAT = "dwarf-with-dsym";
				ENABLE_NS_ASSERTIONS = NO;
				ENABLE_STRICT_OBJC_MSGSEND = YES;
				GCC_C_LANGUAGE_STANDARD = gnu11;
				GCC_NO_COMMON_BLOCKS = YES;
				GCC_WARN_64_TO_32_BIT_CONVERSION = YES;
				GCC_WARN_ABOUT_RETURN_TYPE = YES_ERROR;
				GCC_WARN_UNDECLARED_SELECTOR = YES;
				GCC_WARN_UNINITIALIZED_AUTOS = YES_AGGRESSIVE;
				GCC_WARN_UNUSED_FUNCTION = YES;
				GCC_WARN_UNUSED_VARIABLE = YES;
				IPHONEOS_DEPLOYMENT_TARGET = 14.4;
				MTL_ENABLE_DEBUG_INFO = NO;
				MTL_FAST_MATH = YES;
				SDKROOT = iphoneos;
				SWIFT_COMPILATION_MODE = wholemodule;
				SWIFT_OPTIMIZATION_LEVEL = "-O";
				VALIDATE_PRODUCT = YES;
			};
			name = Release;
		};
		6ED230BD26152642005E65E9 /* Debug */ = {
			isa = XCBuildConfiguration;
			buildSettings = {
				ASSETCATALOG_COMPILER_APPICON_NAME = AppIcon;
				ASSETCATALOG_COMPILER_GLOBAL_ACCENT_COLOR_NAME = AccentColor;
				CODE_SIGN_STYLE = Automatic;
				DEVELOPMENT_TEAM = CL4CV548UG;
				INFOPLIST_FILE = "Pre-work1/Info.plist";
				LD_RUNPATH_SEARCH_PATHS = (
					"$(inherited)",
					"@executable_path/Frameworks",
				);
				PRODUCT_BUNDLE_IDENTIFIER = "com.LEBA.Pre-work1";
				PRODUCT_NAME = "$(TARGET_NAME)";
				SWIFT_VERSION = 5.0;
				TARGETED_DEVICE_FAMILY = "1,2";
			};
			name = Debug;
		};
		6ED230BE26152642005E65E9 /* Release */ = {
			isa = XCBuildConfiguration;
			buildSettings = {
				ASSETCATALOG_COMPILER_APPICON_NAME = AppIcon;
				ASSETCATALOG_COMPILER_GLOBAL_ACCENT_COLOR_NAME = AccentColor;
				CODE_SIGN_STYLE = Automatic;
				DEVELOPMENT_TEAM = CL4CV548UG;
				INFOPLIST_FILE = "Pre-work1/Info.plist";
				LD_RUNPATH_SEARCH_PATHS = (
					"$(inherited)",
					"@executable_path/Frameworks",
				);
				PRODUCT_BUNDLE_IDENTIFIER = "com.LEBA.Pre-work1";
				PRODUCT_NAME = "$(TARGET_NAME)";
				SWIFT_VERSION = 5.0;
				TARGETED_DEVICE_FAMILY = "1,2";
			};
			name = Release;
		};
		6ED230C026152642005E65E9 /* Debug */ = {
			isa = XCBuildConfiguration;
			buildSettings = {
				ALWAYS_EMBED_SWIFT_STANDARD_LIBRARIES = YES;
				BUNDLE_LOADER = "$(TEST_HOST)";
				CODE_SIGN_STYLE = Automatic;
				DEVELOPMENT_TEAM = CL4CV548UG;
				INFOPLIST_FILE = "Pre-work1Tests/Info.plist";
				IPHONEOS_DEPLOYMENT_TARGET = 14.4;
				LD_RUNPATH_SEARCH_PATHS = (
					"$(inherited)",
					"@executable_path/Frameworks",
					"@loader_path/Frameworks",
				);
				PRODUCT_BUNDLE_IDENTIFIER = "com.LEBA.Pre-work1Tests";
				PRODUCT_NAME = "$(TARGET_NAME)";
				SWIFT_VERSION = 5.0;
				TARGETED_DEVICE_FAMILY = "1,2";
				TEST_HOST = "$(BUILT_PRODUCTS_DIR)/Pre-work1.app/Pre-work1";
			};
			name = Debug;
		};
		6ED230C126152642005E65E9 /* Release */ = {
			isa = XCBuildConfiguration;
			buildSettings = {
				ALWAYS_EMBED_SWIFT_STANDARD_LIBRARIES = YES;
				BUNDLE_LOADER = "$(TEST_HOST)";
				CODE_SIGN_STYLE = Automatic;
				DEVELOPMENT_TEAM = CL4CV548UG;
				INFOPLIST_FILE = "Pre-work1Tests/Info.plist";
				IPHONEOS_DEPLOYMENT_TARGET = 14.4;
				LD_RUNPATH_SEARCH_PATHS = (
					"$(inherited)",
					"@executable_path/Frameworks",
					"@loader_path/Frameworks",
				);
				PRODUCT_BUNDLE_IDENTIFIER = "com.LEBA.Pre-work1Tests";
				PRODUCT_NAME = "$(TARGET_NAME)";
				SWIFT_VERSION = 5.0;
				TARGETED_DEVICE_FAMILY = "1,2";
				TEST_HOST = "$(BUILT_PRODUCTS_DIR)/Pre-work1.app/Pre-work1";
			};
			name = Release;
		};
		6ED230C326152642005E65E9 /* Debug */ = {
			isa = XCBuildConfiguration;
			buildSettings = {
				ALWAYS_EMBED_SWIFT_STANDARD_LIBRARIES = YES;
				CODE_SIGN_STYLE = Automatic;
				DEVELOPMENT_TEAM = CL4CV548UG;
				INFOPLIST_FILE = "Pre-work1UITests/Info.plist";
				LD_RUNPATH_SEARCH_PATHS = (
					"$(inherited)",
					"@executable_path/Frameworks",
					"@loader_path/Frameworks",
				);
				PRODUCT_BUNDLE_IDENTIFIER = "com.LEBA.Pre-work1UITests";
				PRODUCT_NAME = "$(TARGET_NAME)";
				SWIFT_VERSION = 5.0;
				TARGETED_DEVICE_FAMILY = "1,2";
				TEST_TARGET_NAME = "Pre-work1";
			};
			name = Debug;
		};
		6ED230C426152642005E65E9 /* Release */ = {
			isa = XCBuildConfiguration;
			buildSettings = {
				ALWAYS_EMBED_SWIFT_STANDARD_LIBRARIES = YES;
				CODE_SIGN_STYLE = Automatic;
				DEVELOPMENT_TEAM = CL4CV548UG;
				INFOPLIST_FILE = "Pre-work1UITests/Info.plist";
				LD_RUNPATH_SEARCH_PATHS = (
					"$(inherited)",
					"@executable_path/Frameworks",
					"@loader_path/Frameworks",
				);
				PRODUCT_BUNDLE_IDENTIFIER = "com.LEBA.Pre-work1UITests";
				PRODUCT_NAME = "$(TARGET_NAME)";
				SWIFT_VERSION = 5.0;
				TARGETED_DEVICE_FAMILY = "1,2";
				TEST_TARGET_NAME = "Pre-work1";
			};
			name = Release;
		};
/* End XCBuildConfiguration section */

/* Begin XCConfigurationList section */
		6ED2308D2615263B005E65E9 /* Build configuration list for PBXProject "Pre-work1" */ = {
			isa = XCConfigurationList;
			buildConfigurations = (
				6ED230BA26152642005E65E9 /* Debug */,
				6ED230BB26152642005E65E9 /* Release */,
			);
			defaultConfigurationIsVisible = 0;
			defaultConfigurationName = Release;
		};
		6ED230BC26152642005E65E9 /* Build configuration list for PBXNativeTarget "Pre-work1" */ = {
			isa = XCConfigurationList;
			buildConfigurations = (
				6ED230BD26152642005E65E9 /* Debug */,
				6ED230BE26152642005E65E9 /* Release */,
			);
			defaultConfigurationIsVisible = 0;
			defaultConfigurationName = Release;
		};
		6ED230BF26152642005E65E9 /* Build configuration list for PBXNativeTarget "Pre-work1Tests" */ = {
			isa = XCConfigurationList;
			buildConfigurations = (
				6ED230C026152642005E65E9 /* Debug */,
				6ED230C126152642005E65E9 /* Release */,
			);
			defaultConfigurationIsVisible = 0;
			defaultConfigurationName = Release;
		};
		6ED230C226152642005E65E9 /* Build configuration list for PBXNativeTarget "Pre-work1UITests" */ = {
			isa = XCConfigurationList;
			buildConfigurations = (
				6ED230C326152642005E65E9 /* Debug */,
				6ED230C426152642005E65E9 /* Release */,
			);
			defaultConfigurationIsVisible = 0;
			defaultConfigurationName = Release;
		};
/* End XCConfigurationList section */
	};
	rootObject = 6ED2308A2615263B005E65E9 /* Project object */;
}
